
Microsoft Visual Studio Solution File, Format Version 12.00
# Visual Studio Version 16
VisualStudioVersion = 16.0.31019.35
MinimumVisualStudioVersion = 10.0.40219.1
Project("{FAE04EC0-301F-11D3-BF4B-00C04F79EFBC}") = "CaveManBinding", "CaveManBinding\CaveManBinding.csproj", "{3B9D45F6-DECE-488A-8561-125A2BA6A5C2}"
EndProject
Global
	GlobalSection(SolutionConfigurationPlatforms) = preSolution
		Debug|Any CPU = Debug|Any CPU
		Release|Any CPU = Release|Any CPU
	EndGlobalSection
	GlobalSection(ProjectConfigurationPlatforms) = postSolution
		{3B9D45F6-DECE-488A-8561-125A2BA6A5C2}.Debug|Any CPU.ActiveCfg = Debug|Any CPU
		{3B9D45F6-DECE-488A-8561-125A2BA6A5C2}.Debug|Any CPU.Build.0 = Debug|Any CPU
		{3B9D45F6-DECE-488A-8561-125A2BA6A5C2}.Release|Any CPU.ActiveCfg = Release|Any CPU
		{3B9D45F6-DECE-488A-8561-125A2BA6A5C2}.Release|Any CPU.Build.0 = Release|Any CPU
	EndGlobalSection
	GlobalSection(SolutionProperties) = preSolution
		HideSolutionNode = FALSE
	EndGlobalSection
	GlobalSection(ExtensibilityGlobals) = postSolution
		SolutionGuid = {264B9F9D-55E8-44A2-A66D-E0FB4F14458B}
	EndGlobalSection
EndGlobal
